// !$*UTF8*$!
{
	archiveVersion = 1;
	classes = {
	};
	objectVersion = 51;
	objects = {

/* Begin PBXBuildFile section */
		38511507BAE119D3882EBFB4 /* Pods_AppStoreJSONApis.framework in Frameworks */ = {isa = PBXBuildFile; fileRef = 0DC9094E6DBE9B3D961F5845 /* Pods_AppStoreJSONApis.framework */; };
		FE2398E323E25A690050C321 /* BaseListController.swift in Sources */ = {isa = PBXBuildFile; fileRef = FE2398E223E25A690050C321 /* BaseListController.swift */; };
		FE4C7D3423E262ED00F3F14F /* AppsGroupCell.swift in Sources */ = {isa = PBXBuildFile; fileRef = FE4C7D3323E262ED00F3F14F /* AppsGroupCell.swift */; };
		FE60C07B23E87F3D00BE3145 /* AppsPageController.swift in Sources */ = {isa = PBXBuildFile; fileRef = FE60C07A23E87F3D00BE3145 /* AppsPageController.swift */; };
		FE60C07D23E8893F00BE3145 /* AppsHeaderHorizontalController.swift in Sources */ = {isa = PBXBuildFile; fileRef = FE60C07C23E8893F00BE3145 /* AppsHeaderHorizontalController.swift */; };
		FE645C7E23E85797001D3648 /* AppRowCell.swift in Sources */ = {isa = PBXBuildFile; fileRef = FE645C7D23E85797001D3648 /* AppRowCell.swift */; };
		FE645C8023E859D7001D3648 /* Extensions.swift in Sources */ = {isa = PBXBuildFile; fileRef = FE645C7F23E859D7001D3648 /* Extensions.swift */; };
		FE645C8223E87C40001D3648 /* AppsPageHeader.swift in Sources */ = {isa = PBXBuildFile; fileRef = FE645C8123E87C40001D3648 /* AppsPageHeader.swift */; };
		FE82850F23EC5CAB00BAF03C /* AppGroup.swift in Sources */ = {isa = PBXBuildFile; fileRef = FE82850E23EC5CAB00BAF03C /* AppGroup.swift */; };
		FE988FAB23E8B2B400872A43 /* AppsHeaderCell.swift in Sources */ = {isa = PBXBuildFile; fileRef = FE988FAA23E8B2B400872A43 /* AppsHeaderCell.swift */; };
		FEACD0D723D4A8D00092FF96 /* AppDelegate.swift in Sources */ = {isa = PBXBuildFile; fileRef = FEACD0D623D4A8D00092FF96 /* AppDelegate.swift */; };
		FEACD0D923D4A8D00092FF96 /* SceneDelegate.swift in Sources */ = {isa = PBXBuildFile; fileRef = FEACD0D823D4A8D00092FF96 /* SceneDelegate.swift */; };
		FEACD0DB23D4A8D00092FF96 /* ViewController.swift in Sources */ = {isa = PBXBuildFile; fileRef = FEACD0DA23D4A8D00092FF96 /* ViewController.swift */; };
		FEACD0DE23D4A8D00092FF96 /* Main.storyboard in Resources */ = {isa = PBXBuildFile; fileRef = FEACD0DC23D4A8D00092FF96 /* Main.storyboard */; };
		FEACD0E023D4A8D10092FF96 /* Assets.xcassets in Resources */ = {isa = PBXBuildFile; fileRef = FEACD0DF23D4A8D10092FF96 /* Assets.xcassets */; };
		FEACD0E323D4A8D10092FF96 /* LaunchScreen.storyboard in Resources */ = {isa = PBXBuildFile; fileRef = FEACD0E123D4A8D10092FF96 /* LaunchScreen.storyboard */; };
		FEACD0EB23D4AEB10092FF96 /* BaseTabBarController.swift in Sources */ = {isa = PBXBuildFile; fileRef = FEACD0EA23D4AEB10092FF96 /* BaseTabBarController.swift */; };
		FEACD0EE23D4DF9D0092FF96 /* AppsSearchController.swift in Sources */ = {isa = PBXBuildFile; fileRef = FEACD0ED23D4DF9D0092FF96 /* AppsSearchController.swift */; };
		FEACD0F123D50A650092FF96 /* SearchResultCell.swift in Sources */ = {isa = PBXBuildFile; fileRef = FEACD0F023D50A650092FF96 /* SearchResultCell.swift */; };
		FEACD0F423D552BF0092FF96 /* UIView+Layout.swift in Sources */ = {isa = PBXBuildFile; fileRef = FEACD0F323D552BF0092FF96 /* UIView+Layout.swift */; };
		FEACD0F623D559930092FF96 /* VerticalStackView.swift in Sources */ = {isa = PBXBuildFile; fileRef = FEACD0F523D559930092FF96 /* VerticalStackView.swift */; };
		FEACD0F923D5F9460092FF96 /* SearchResult.swift in Sources */ = {isa = PBXBuildFile; fileRef = FEACD0F823D5F9460092FF96 /* SearchResult.swift */; };
		FEACD0FC23D60BFA0092FF96 /* Service.swift in Sources */ = {isa = PBXBuildFile; fileRef = FEACD0FB23D60BFA0092FF96 /* Service.swift */; };
		FEB6C9E323E27B47005A4928 /* AppsHorizontalController.swift in Sources */ = {isa = PBXBuildFile; fileRef = FEB6C9E223E27B47005A4928 /* AppsHorizontalController.swift */; };
/* End PBXBuildFile section */

/* Begin PBXFileReference section */
		0DC9094E6DBE9B3D961F5845 /* Pods_AppStoreJSONApis.framework */ = {isa = PBXFileReference; explicitFileType = wrapper.framework; includeInIndex = 0; path = Pods_AppStoreJSONApis.framework; sourceTree = BUILT_PRODUCTS_DIR; };
		18828021A501F4CE36265E3A /* Pods-AppStoreJSONApis.release.xcconfig */ = {isa = PBXFileReference; includeInIndex = 1; lastKnownFileType = text.xcconfig; name = "Pods-AppStoreJSONApis.release.xcconfig"; path = "Target Support Files/Pods-AppStoreJSONApis/Pods-AppStoreJSONApis.release.xcconfig"; sourceTree = "<group>"; };
		86A10710B71FE933700CE6B2 /* Pods-AppStoreJSONApis.debug.xcconfig */ = {isa = PBXFileReference; includeInIndex = 1; lastKnownFileType = text.xcconfig; name = "Pods-AppStoreJSONApis.debug.xcconfig"; path = "Target Support Files/Pods-AppStoreJSONApis/Pods-AppStoreJSONApis.debug.xcconfig"; sourceTree = "<group>"; };
		FE2398E223E25A690050C321 /* BaseListController.swift */ = {isa = PBXFileReference; lastKnownFileType = sourcecode.swift; path = BaseListController.swift; sourceTree = "<group>"; };
		FE4C7D3323E262ED00F3F14F /* AppsGroupCell.swift */ = {isa = PBXFileReference; lastKnownFileType = sourcecode.swift; path = AppsGroupCell.swift; sourceTree = "<group>"; };
		FE60C07A23E87F3D00BE3145 /* AppsPageController.swift */ = {isa = PBXFileReference; lastKnownFileType = sourcecode.swift; path = AppsPageController.swift; sourceTree = "<group>"; };
		FE60C07C23E8893F00BE3145 /* AppsHeaderHorizontalController.swift */ = {isa = PBXFileReference; lastKnownFileType = sourcecode.swift; path = AppsHeaderHorizontalController.swift; sourceTree = "<group>"; };
		FE645C7D23E85797001D3648 /* AppRowCell.swift */ = {isa = PBXFileReference; lastKnownFileType = sourcecode.swift; path = AppRowCell.swift; sourceTree = "<group>"; };
		FE645C7F23E859D7001D3648 /* Extensions.swift */ = {isa = PBXFileReference; lastKnownFileType = sourcecode.swift; path = Extensions.swift; sourceTree = "<group>"; };
		FE645C8123E87C40001D3648 /* AppsPageHeader.swift */ = {isa = PBXFileReference; lastKnownFileType = sourcecode.swift; path = AppsPageHeader.swift; sourceTree = "<group>"; };
		FE82850E23EC5CAB00BAF03C /* AppGroup.swift */ = {isa = PBXFileReference; lastKnownFileType = sourcecode.swift; path = AppGroup.swift; sourceTree = "<group>"; };
		FE988FAA23E8B2B400872A43 /* AppsHeaderCell.swift */ = {isa = PBXFileReference; lastKnownFileType = sourcecode.swift; path = AppsHeaderCell.swift; sourceTree = "<group>"; };
		FEACD0D323D4A8CF0092FF96 /* AppStoreJSONApis.app */ = {isa = PBXFileReference; explicitFileType = wrapper.application; includeInIndex = 0; path = AppStoreJSONApis.app; sourceTree = BUILT_PRODUCTS_DIR; };
		FEACD0D623D4A8D00092FF96 /* AppDelegate.swift */ = {isa = PBXFileReference; lastKnownFileType = sourcecode.swift; path = AppDelegate.swift; sourceTree = "<group>"; };
		FEACD0D823D4A8D00092FF96 /* SceneDelegate.swift */ = {isa = PBXFileReference; lastKnownFileType = sourcecode.swift; path = SceneDelegate.swift; sourceTree = "<group>"; };
		FEACD0DA23D4A8D00092FF96 /* ViewController.swift */ = {isa = PBXFileReference; lastKnownFileType = sourcecode.swift; path = ViewController.swift; sourceTree = "<group>"; };
		FEACD0DD23D4A8D00092FF96 /* Base */ = {isa = PBXFileReference; lastKnownFileType = file.storyboard; name = Base; path = Base.lproj/Main.storyboard; sourceTree = "<group>"; };
		FEACD0DF23D4A8D10092FF96 /* Assets.xcassets */ = {isa = PBXFileReference; lastKnownFileType = folder.assetcatalog; path = Assets.xcassets; sourceTree = "<group>"; };
		FEACD0E223D4A8D10092FF96 /* Base */ = {isa = PBXFileReference; lastKnownFileType = file.storyboard; name = Base; path = Base.lproj/LaunchScreen.storyboard; sourceTree = "<group>"; };
		FEACD0E423D4A8D10092FF96 /* Info.plist */ = {isa = PBXFileReference; lastKnownFileType = text.plist.xml; path = Info.plist; sourceTree = "<group>"; };
		FEACD0EA23D4AEB10092FF96 /* BaseTabBarController.swift */ = {isa = PBXFileReference; lastKnownFileType = sourcecode.swift; path = BaseTabBarController.swift; sourceTree = "<group>"; };
		FEACD0ED23D4DF9D0092FF96 /* AppsSearchController.swift */ = {isa = PBXFileReference; lastKnownFileType = sourcecode.swift; path = AppsSearchController.swift; sourceTree = "<group>"; };
		FEACD0F023D50A650092FF96 /* SearchResultCell.swift */ = {isa = PBXFileReference; lastKnownFileType = sourcecode.swift; path = SearchResultCell.swift; sourceTree = "<group>"; };
		FEACD0F323D552BF0092FF96 /* UIView+Layout.swift */ = {isa = PBXFileReference; fileEncoding = 4; lastKnownFileType = sourcecode.swift; path = "UIView+Layout.swift"; sourceTree = "<group>"; };
		FEACD0F523D559930092FF96 /* VerticalStackView.swift */ = {isa = PBXFileReference; lastKnownFileType = sourcecode.swift; path = VerticalStackView.swift; sourceTree = "<group>"; };
		FEACD0F823D5F9460092FF96 /* SearchResult.swift */ = {isa = PBXFileReference; lastKnownFileType = sourcecode.swift; path = SearchResult.swift; sourceTree = "<group>"; };
		FEACD0FB23D60BFA0092FF96 /* Service.swift */ = {isa = PBXFileReference; lastKnownFileType = sourcecode.swift; path = Service.swift; sourceTree = "<group>"; };
		FEB6C9E223E27B47005A4928 /* AppsHorizontalController.swift */ = {isa = PBXFileReference; lastKnownFileType = sourcecode.swift; path = AppsHorizontalController.swift; sourceTree = "<group>"; };
/* End PBXFileReference section */

/* Begin PBXFrameworksBuildPhase section */
		FEACD0D023D4A8CF0092FF96 /* Frameworks */ = {
			isa = PBXFrameworksBuildPhase;
			buildActionMask = 2147483647;
			files = (
				38511507BAE119D3882EBFB4 /* Pods_AppStoreJSONApis.framework in Frameworks */,
			);
			runOnlyForDeploymentPostprocessing = 0;
		};
/* End PBXFrameworksBuildPhase section */

/* Begin PBXGroup section */
		98F01B6095156637EFB5C001 /* Pods */ = {
			isa = PBXGroup;
			children = (
				86A10710B71FE933700CE6B2 /* Pods-AppStoreJSONApis.debug.xcconfig */,
				18828021A501F4CE36265E3A /* Pods-AppStoreJSONApis.release.xcconfig */,
			);
			path = Pods;
			sourceTree = "<group>";
		};
		A95E7AB1DCE647A20CCC02A1 /* Frameworks */ = {
			isa = PBXGroup;
			children = (
				0DC9094E6DBE9B3D961F5845 /* Pods_AppStoreJSONApis.framework */,
			);
			name = Frameworks;
			sourceTree = "<group>";
		};
		FE2398DF23E256540050C321 /* Apps */ = {
			isa = PBXGroup;
			children = (
				FEB6C9E223E27B47005A4928 /* AppsHorizontalController.swift */,
				FE60C07A23E87F3D00BE3145 /* AppsPageController.swift */,
			);
			path = Apps;
			sourceTree = "<group>";
		};
		FE2398E423E25C3E0050C321 /* Search */ = {
			isa = PBXGroup;
			children = (
				FEACD0ED23D4DF9D0092FF96 /* AppsSearchController.swift */,
			);
			path = Search;
			sourceTree = "<group>";
		};
		FE4C7D3523E2653100F3F14F /* Apps */ = {
			isa = PBXGroup;
			children = (
				FE4C7D3323E262ED00F3F14F /* AppsGroupCell.swift */,
				FE645C7D23E85797001D3648 /* AppRowCell.swift */,
				FE645C8123E87C40001D3648 /* AppsPageHeader.swift */,
				FE60C07C23E8893F00BE3145 /* AppsHeaderHorizontalController.swift */,
				FE988FAA23E8B2B400872A43 /* AppsHeaderCell.swift */,
			);
			path = Apps;
			sourceTree = "<group>";
		};
		FEACD0CA23D4A8CF0092FF96 = {
			isa = PBXGroup;
			children = (
				FEACD0D523D4A8CF0092FF96 /* AppStoreJSONApis */,
				FEACD0D423D4A8CF0092FF96 /* Products */,
				98F01B6095156637EFB5C001 /* Pods */,
				A95E7AB1DCE647A20CCC02A1 /* Frameworks */,
			);
			sourceTree = "<group>";
		};
		FEACD0D423D4A8CF0092FF96 /* Products */ = {
			isa = PBXGroup;
			children = (
				FEACD0D323D4A8CF0092FF96 /* AppStoreJSONApis.app */,
			);
			name = Products;
			sourceTree = "<group>";
		};
		FEACD0D523D4A8CF0092FF96 /* AppStoreJSONApis */ = {
			isa = PBXGroup;
			children = (
				FEACD0FA23D60BD90092FF96 /* Service */,
				FEACD0F723D5F8E60092FF96 /* Model */,
				FEACD0F223D551A30092FF96 /* Helpers */,
				FEACD0EF23D4F9390092FF96 /* Views */,
				FEACD0EC23D4DF4F0092FF96 /* Controller */,
				FEACD0D623D4A8D00092FF96 /* AppDelegate.swift */,
				FEACD0D823D4A8D00092FF96 /* SceneDelegate.swift */,
				FEACD0DA23D4A8D00092FF96 /* ViewController.swift */,
				FEACD0DC23D4A8D00092FF96 /* Main.storyboard */,
				FEACD0DF23D4A8D10092FF96 /* Assets.xcassets */,
				FEACD0E123D4A8D10092FF96 /* LaunchScreen.storyboard */,
				FEACD0E423D4A8D10092FF96 /* Info.plist */,
			);
			path = AppStoreJSONApis;
			sourceTree = "<group>";
		};
		FEACD0EC23D4DF4F0092FF96 /* Controller */ = {
			isa = PBXGroup;
			children = (
				FE2398E423E25C3E0050C321 /* Search */,
				FE2398DF23E256540050C321 /* Apps */,
				FEACD0EA23D4AEB10092FF96 /* BaseTabBarController.swift */,
				FE2398E223E25A690050C321 /* BaseListController.swift */,
			);
			path = Controller;
			sourceTree = "<group>";
		};
		FEACD0EF23D4F9390092FF96 /* Views */ = {
			isa = PBXGroup;
			children = (
				FE4C7D3523E2653100F3F14F /* Apps */,
				FEACD0F023D50A650092FF96 /* SearchResultCell.swift */,
			);
			path = Views;
			sourceTree = "<group>";
		};
		FEACD0F223D551A30092FF96 /* Helpers */ = {
			isa = PBXGroup;
			children = (
				FEACD0F323D552BF0092FF96 /* UIView+Layout.swift */,
				FEACD0F523D559930092FF96 /* VerticalStackView.swift */,
				FE645C7F23E859D7001D3648 /* Extensions.swift */,
			);
			path = Helpers;
			sourceTree = "<group>";
		};
		FEACD0F723D5F8E60092FF96 /* Model */ = {
			isa = PBXGroup;
			children = (
				FEACD0F823D5F9460092FF96 /* SearchResult.swift */,
				FE82850E23EC5CAB00BAF03C /* AppGroup.swift */,
			);
			path = Model;
			sourceTree = "<group>";
		};
		FEACD0FA23D60BD90092FF96 /* Service */ = {
			isa = PBXGroup;
			children = (
				FEACD0FB23D60BFA0092FF96 /* Service.swift */,
			);
			path = Service;
			sourceTree = "<group>";
		};
/* End PBXGroup section */

/* Begin PBXNativeTarget section */
		FEACD0D223D4A8CF0092FF96 /* AppStoreJSONApis */ = {
			isa = PBXNativeTarget;
			buildConfigurationList = FEACD0E723D4A8D10092FF96 /* Build configuration list for PBXNativeTarget "AppStoreJSONApis" */;
			buildPhases = (
				1155F03F719F1E1D911CF75E /* [CP] Check Pods Manifest.lock */,
				FEACD0CF23D4A8CF0092FF96 /* Sources */,
				FEACD0D023D4A8CF0092FF96 /* Frameworks */,
				FEACD0D123D4A8CF0092FF96 /* Resources */,
				18DA0643E87C29E086EAD0FA /* [CP] Embed Pods Frameworks */,
			);
			buildRules = (
			);
			dependencies = (
			);
			name = AppStoreJSONApis;
			productName = AppStoreJSONApis;
			productReference = FEACD0D323D4A8CF0092FF96 /* AppStoreJSONApis.app */;
			productType = "com.apple.product-type.application";
		};
/* End PBXNativeTarget section */

/* Begin PBXProject section */
		FEACD0CB23D4A8CF0092FF96 /* Project object */ = {
			isa = PBXProject;
			attributes = {
				LastSwiftUpdateCheck = 1120;
				LastUpgradeCheck = 1120;
				ORGANIZATIONNAME = "Vintage Robot";
				TargetAttributes = {
					FEACD0D223D4A8CF0092FF96 = {
						CreatedOnToolsVersion = 11.2.1;
					};
				};
			};
			buildConfigurationList = FEACD0CE23D4A8CF0092FF96 /* Build configuration list for PBXProject "AppStoreJSONApis" */;
			compatibilityVersion = "Xcode 9.3";
			developmentRegion = en;
			hasScannedForEncodings = 0;
			knownRegions = (
				en,
				Base,
			);
			mainGroup = FEACD0CA23D4A8CF0092FF96;
			productRefGroup = FEACD0D423D4A8CF0092FF96 /* Products */;
			projectDirPath = "";
			projectRoot = "";
			targets = (
				FEACD0D223D4A8CF0092FF96 /* AppStoreJSONApis */,
			);
		};
/* End PBXProject section */

/* Begin PBXResourcesBuildPhase section */
		FEACD0D123D4A8CF0092FF96 /* Resources */ = {
			isa = PBXResourcesBuildPhase;
			buildActionMask = 2147483647;
			files = (
				FEACD0E323D4A8D10092FF96 /* LaunchScreen.storyboard in Resources */,
				FEACD0E023D4A8D10092FF96 /* Assets.xcassets in Resources */,
				FEACD0DE23D4A8D00092FF96 /* Main.storyboard in Resources */,
			);
			runOnlyForDeploymentPostprocessing = 0;
		};
/* End PBXResourcesBuildPhase section */

/* Begin PBXShellScriptBuildPhase section */
		1155F03F719F1E1D911CF75E /* [CP] Check Pods Manifest.lock */ = {
			isa = PBXShellScriptBuildPhase;
			buildActionMask = 2147483647;
			files = (
			);
			inputFileListPaths = (
			);
			inputPaths = (
				"${PODS_PODFILE_DIR_PATH}/Podfile.lock",
				"${PODS_ROOT}/Manifest.lock",
			);
			name = "[CP] Check Pods Manifest.lock";
			outputFileListPaths = (
			);
			outputPaths = (
				"$(DERIVED_FILE_DIR)/Pods-AppStoreJSONApis-checkManifestLockResult.txt",
			);
			runOnlyForDeploymentPostprocessing = 0;
			shellPath = /bin/sh;
			shellScript = "diff \"${PODS_PODFILE_DIR_PATH}/Podfile.lock\" \"${PODS_ROOT}/Manifest.lock\" > /dev/null\nif [ $? != 0 ] ; then\n    # print error to STDERR\n    echo \"error: The sandbox is not in sync with the Podfile.lock. Run 'pod install' or update your CocoaPods installation.\" >&2\n    exit 1\nfi\n# This output is used by Xcode 'outputs' to avoid re-running this script phase.\necho \"SUCCESS\" > \"${SCRIPT_OUTPUT_FILE_0}\"\n";
			showEnvVarsInLog = 0;
		};
		18DA0643E87C29E086EAD0FA /* [CP] Embed Pods Frameworks */ = {
			isa = PBXShellScriptBuildPhase;
			buildActionMask = 2147483647;
			files = (
			);
			inputFileListPaths = (
				"${PODS_ROOT}/Target Support Files/Pods-AppStoreJSONApis/Pods-AppStoreJSONApis-frameworks-${CONFIGURATION}-input-files.xcfilelist",
			);
			name = "[CP] Embed Pods Frameworks";
			outputFileListPaths = (
				"${PODS_ROOT}/Target Support Files/Pods-AppStoreJSONApis/Pods-AppStoreJSONApis-frameworks-${CONFIGURATION}-output-files.xcfilelist",
			);
			runOnlyForDeploymentPostprocessing = 0;
			shellPath = /bin/sh;
			shellScript = "\"${PODS_ROOT}/Target Support Files/Pods-AppStoreJSONApis/Pods-AppStoreJSONApis-frameworks.sh\"\n";
			showEnvVarsInLog = 0;
		};
/* End PBXShellScriptBuildPhase section */

/* Begin PBXSourcesBuildPhase section */
		FEACD0CF23D4A8CF0092FF96 /* Sources */ = {
			isa = PBXSourcesBuildPhase;
			buildActionMask = 2147483647;
			files = (
				FE60C07B23E87F3D00BE3145 /* AppsPageController.swift in Sources */,
				FEACD0EB23D4AEB10092FF96 /* BaseTabBarController.swift in Sources */,
				FEACD0F923D5F9460092FF96 /* SearchResult.swift in Sources */,
				FEACD0DB23D4A8D00092FF96 /* ViewController.swift in Sources */,
				FEACD0D723D4A8D00092FF96 /* AppDelegate.swift in Sources */,
				FEACD0EE23D4DF9D0092FF96 /* AppsSearchController.swift in Sources */,
				FE4C7D3423E262ED00F3F14F /* AppsGroupCell.swift in Sources */,
				FEACD0F123D50A650092FF96 /* SearchResultCell.swift in Sources */,
				FEACD0F623D559930092FF96 /* VerticalStackView.swift in Sources */,
				FEACD0FC23D60BFA0092FF96 /* Service.swift in Sources */,
				FE60C07D23E8893F00BE3145 /* AppsHeaderHorizontalController.swift in Sources */,
				FE645C8223E87C40001D3648 /* AppsPageHeader.swift in Sources */,
				FEACD0F423D552BF0092FF96 /* UIView+Layout.swift in Sources */,
				FE645C8023E859D7001D3648 /* Extensions.swift in Sources */,
				FE2398E323E25A690050C321 /* BaseListController.swift in Sources */,
				FE82850F23EC5CAB00BAF03C /* AppGroup.swift in Sources */,
				FE988FAB23E8B2B400872A43 /* AppsHeaderCell.swift in Sources */,
				FEACD0D923D4A8D00092FF96 /* SceneDelegate.swift in Sources */,
				FEB6C9E323E27B47005A4928 /* AppsHorizontalController.swift in Sources */,
				FE645C7E23E85797001D3648 /* AppRowCell.swift in Sources */,
			);
			runOnlyForDeploymentPostprocessing = 0;
		};
/* End PBXSourcesBuildPhase section */

/* Begin PBXVariantGroup section */
		FEACD0DC23D4A8D00092FF96 /* Main.storyboard */ = {
			isa = PBXVariantGroup;
			children = (
				FEACD0DD23D4A8D00092FF96 /* Base */,
			);
			name = Main.storyboard;
			sourceTree = "<group>";
		};
		FEACD0E123D4A8D10092FF96 /* LaunchScreen.storyboard */ = {
			isa = PBXVariantGroup;
			children = (
				FEACD0E223D4A8D10092FF96 /* Base */,
			);
			name = LaunchScreen.storyboard;
			sourceTree = "<group>";
		};
/* End PBXVariantGroup section */

/* Begin XCBuildConfiguration section */
		FEACD0E523D4A8D10092FF96 /* Debug */ = {
			isa = XCBuildConfiguration;
			buildSettings = {
				ALWAYS_SEARCH_USER_PATHS = NO;
				CLANG_ANALYZER_NONNULL = YES;
				CLANG_ANALYZER_NUMBER_OBJECT_CONVERSION = YES_AGGRESSIVE;
				CLANG_CXX_LANGUAGE_STANDARD = "gnu++14";
				CLANG_CXX_LIBRARY = "libc++";
				CLANG_ENABLE_MODULES = YES;
				CLANG_ENABLE_OBJC_ARC = YES;
				CLANG_ENABLE_OBJC_WEAK = YES;
				CLANG_WARN_BLOCK_CAPTURE_AUTORELEASING = YES;
				CLANG_WARN_BOOL_CONVERSION = YES;
				CLANG_WARN_COMMA = YES;
				CLANG_WARN_CONSTANT_CONVERSION = YES;
				CLANG_WARN_DEPRECATED_OBJC_IMPLEMENTATIONS = YES;
				CLANG_WARN_DIRECT_OBJC_ISA_USAGE = YES_ERROR;
				CLANG_WARN_DOCUMENTATION_COMMENTS = YES;
				CLANG_WARN_EMPTY_BODY = YES;
				CLANG_WARN_ENUM_CONVERSION = YES;
				CLANG_WARN_INFINITE_RECURSION = YES;
				CLANG_WARN_INT_CONVERSION = YES;
				CLANG_WARN_NON_LITERAL_NULL_CONVERSION = YES;
				CLANG_WARN_OBJC_IMPLICIT_RETAIN_SELF = YES;
				CLANG_WARN_OBJC_LITERAL_CONVERSION = YES;
				CLANG_WARN_OBJC_ROOT_CLASS = YES_ERROR;
				CLANG_WARN_RANGE_LOOP_ANALYSIS = YES;
				CLANG_WARN_STRICT_PROTOTYPES = YES;
				CLANG_WARN_SUSPICIOUS_MOVE = YES;
				CLANG_WARN_UNGUARDED_AVAILABILITY = YES_AGGRESSIVE;
				CLANG_WARN_UNREACHABLE_CODE = YES;
				CLANG_WARN__DUPLICATE_METHOD_MATCH = YES;
				COPY_PHASE_STRIP = NO;
				DEBUG_INFORMATION_FORMAT = dwarf;
				ENABLE_STRICT_OBJC_MSGSEND = YES;
				ENABLE_TESTABILITY = YES;
				GCC_C_LANGUAGE_STANDARD = gnu11;
				GCC_DYNAMIC_NO_PIC = NO;
				GCC_NO_COMMON_BLOCKS = YES;
				GCC_OPTIMIZATION_LEVEL = 0;
				GCC_PREPROCESSOR_DEFINITIONS = (
					"DEBUG=1",
					"$(inherited)",
				);
				GCC_WARN_64_TO_32_BIT_CONVERSION = YES;
				GCC_WARN_ABOUT_RETURN_TYPE = YES_ERROR;
				GCC_WARN_UNDECLARED_SELECTOR = YES;
				GCC_WARN_UNINITIALIZED_AUTOS = YES_AGGRESSIVE;
				GCC_WARN_UNUSED_FUNCTION = YES;
				GCC_WARN_UNUSED_VARIABLE = YES;
				IPHONEOS_DEPLOYMENT_TARGET = 13.2;
				MTL_ENABLE_DEBUG_INFO = INCLUDE_SOURCE;
				MTL_FAST_MATH = YES;
				ONLY_ACTIVE_ARCH = YES;
				SDKROOT = iphoneos;
				SWIFT_ACTIVE_COMPILATION_CONDITIONS = DEBUG;
				SWIFT_OPTIMIZATION_LEVEL = "-Onone";
			};
			name = Debug;
		};
		FEACD0E623D4A8D10092FF96 /* Release */ = {
			isa = XCBuildConfiguration;
			buildSettings = {
				ALWAYS_SEARCH_USER_PATHS = NO;
				CLANG_ANALYZER_NONNULL = YES;
				CLANG_ANALYZER_NUMBER_OBJECT_CONVERSION = YES_AGGRESSIVE;
				CLANG_CXX_LANGUAGE_STANDARD = "gnu++14";
				CLANG_CXX_LIBRARY = "libc++";
				CLANG_ENABLE_MODULES = YES;
				CLANG_ENABLE_OBJC_ARC = YES;
				CLANG_ENABLE_OBJC_WEAK = YES;
				CLANG_WARN_BLOCK_CAPTURE_AUTORELEASING = YES;
				CLANG_WARN_BOOL_CONVERSION = YES;
				CLANG_WARN_COMMA = YES;
				CLANG_WARN_CONSTANT_CONVERSION = YES;
				CLANG_WARN_DEPRECATED_OBJC_IMPLEMENTATIONS = YES;
				CLANG_WARN_DIRECT_OBJC_ISA_USAGE = YES_ERROR;
				CLANG_WARN_DOCUMENTATION_COMMENTS = YES;
				CLANG_WARN_EMPTY_BODY = YES;
				CLANG_WARN_ENUM_CONVERSION = YES;
				CLANG_WARN_INFINITE_RECURSION = YES;
				CLANG_WARN_INT_CONVERSION = YES;
				CLANG_WARN_NON_LITERAL_NULL_CONVERSION = YES;
				CLANG_WARN_OBJC_IMPLICIT_RETAIN_SELF = YES;
				CLANG_WARN_OBJC_LITERAL_CONVERSION = YES;
				CLANG_WARN_OBJC_ROOT_CLASS = YES_ERROR;
				CLANG_WARN_RANGE_LOOP_ANALYSIS = YES;
				CLANG_WARN_STRICT_PROTOTYPES = YES;
				CLANG_WARN_SUSPICIOUS_MOVE = YES;
				CLANG_WARN_UNGUARDED_AVAILABILITY = YES_AGGRESSIVE;
				CLANG_WARN_UNREACHABLE_CODE = YES;
				CLANG_WARN__DUPLICATE_METHOD_MATCH = YES;
				COPY_PHASE_STRIP = NO;
				DEBUG_INFORMATION_FORMAT = "dwarf-with-dsym";
				ENABLE_NS_ASSERTIONS = NO;
				ENABLE_STRICT_OBJC_MSGSEND = YES;
				GCC_C_LANGUAGE_STANDARD = gnu11;
				GCC_NO_COMMON_BLOCKS = YES;
				GCC_WARN_64_TO_32_BIT_CONVERSION = YES;
				GCC_WARN_ABOUT_RETURN_TYPE = YES_ERROR;
				GCC_WARN_UNDECLARED_SELECTOR = YES;
				GCC_WARN_UNINITIALIZED_AUTOS = YES_AGGRESSIVE;
				GCC_WARN_UNUSED_FUNCTION = YES;
				GCC_WARN_UNUSED_VARIABLE = YES;
				IPHONEOS_DEPLOYMENT_TARGET = 13.2;
				MTL_ENABLE_DEBUG_INFO = NO;
				MTL_FAST_MATH = YES;
				SDKROOT = iphoneos;
				SWIFT_COMPILATION_MODE = wholemodule;
				SWIFT_OPTIMIZATION_LEVEL = "-O";
				VALIDATE_PRODUCT = YES;
			};
			name = Release;
		};
		FEACD0E823D4A8D10092FF96 /* Debug */ = {
			isa = XCBuildConfiguration;
			baseConfigurationReference = 86A10710B71FE933700CE6B2 /* Pods-AppStoreJSONApis.debug.xcconfig */;
			buildSettings = {
				ASSETCATALOG_COMPILER_APPICON_NAME = AppIcon;
				CODE_SIGN_STYLE = Automatic;
				DEVELOPMENT_TEAM = 2D9W9FDDN6;
				INFOPLIST_FILE = AppStoreJSONApis/Info.plist;
				LD_RUNPATH_SEARCH_PATHS = (
					"$(inherited)",
					"@executable_path/Frameworks",
				);
				PRODUCT_BUNDLE_IDENTIFIER = com.vintagerobot.AppStoreJSONApis;
				PRODUCT_NAME = "$(TARGET_NAME)";
				SWIFT_VERSION = 5.0;
				TARGETED_DEVICE_FAMILY = "1,2";
			};
			name = Debug;
		};
		FEACD0E923D4A8D10092FF96 /* Release */ = {
			isa = XCBuildConfiguration;
			baseConfigurationReference = 18828021A501F4CE36265E3A /* Pods-AppStoreJSONApis.release.xcconfig */;
			buildSettings = {
				ASSETCATALOG_COMPILER_APPICON_NAME = AppIcon;
				CODE_SIGN_STYLE = Automatic;
				DEVELOPMENT_TEAM = 2D9W9FDDN6;
				INFOPLIST_FILE = AppStoreJSONApis/Info.plist;
				LD_RUNPATH_SEARCH_PATHS = (
					"$(inherited)",
					"@executable_path/Frameworks",
				);
				PRODUCT_BUNDLE_IDENTIFIER = com.vintagerobot.AppStoreJSONApis;
				PRODUCT_NAME = "$(TARGET_NAME)";
				SWIFT_VERSION = 5.0;
				TARGETED_DEVICE_FAMILY = "1,2";
			};
			name = Release;
		};
/* End XCBuildConfiguration section */

/* Begin XCConfigurationList section */
		FEACD0CE23D4A8CF0092FF96 /* Build configuration list for PBXProject "AppStoreJSONApis" */ = {
			isa = XCConfigurationList;
			buildConfigurations = (
				FEACD0E523D4A8D10092FF96 /* Debug */,
				FEACD0E623D4A8D10092FF96 /* Release */,
			);
			defaultConfigurationIsVisible = 0;
			defaultConfigurationName = Release;
		};
		FEACD0E723D4A8D10092FF96 /* Build configuration list for PBXNativeTarget "AppStoreJSONApis" */ = {
			isa = XCConfigurationList;
			buildConfigurations = (
				FEACD0E823D4A8D10092FF96 /* Debug */,
				FEACD0E923D4A8D10092FF96 /* Release */,
			);
			defaultConfigurationIsVisible = 0;
			defaultConfigurationName = Release;
		};
/* End XCConfigurationList section */
	};
	rootObject = FEACD0CB23D4A8CF0092FF96 /* Project object */;
}
